
Microsoft Visual Studio Solution File, Format Version 12.00
# Visual Studio Version 17
VisualStudioVersion = 17.14.36518.9
MinimumVisualStudioVersion = 10.0.40219.1
Project("{2150E333-8FDC-42A3-9474-1A3956D46DE8}") = "Task0", "Task0", "{02EA681E-C7D8-13C7-8484-4AC65E1B71E8}"
EndProject
Project("{FAE04EC0-301F-11D3-BF4B-00C04F79EFBC}") = "Tyuiu.KozyrevRA.Sprint4.Task0.V23", "Tyuiu.KozyrevRA.Sprint4.Task0.V23\Tyuiu.KozyrevRA.Sprint4.Task0.V23.csproj", "{8C3FBDE5-1500-408E-9C18-F181E93AD69D}"
EndProject
Project("{FAE04EC0-301F-11D3-BF4B-00C04F79EFBC}") = "Tyuiu.KozyrevRA.Sprint4.Task0.V23.Lib", "Tyuiu.KozyrevRA.Sprint4.Task0.V23.Lib\Tyuiu.KozyrevRA.Sprint4.Task0.V23.Lib.csproj", "{DA123A07-972E-47F2-A942-CCD0F8D00EB0}"
EndProject
Project("{FAE04EC0-301F-11D3-BF4B-00C04F79EFBC}") = "Tyuiu.KozyrevRA.Sprint4.Task0.V23.Test", "Tyuiu.KozyrevRA.Sprint4.Task0.V23.Test\Tyuiu.KozyrevRA.Sprint4.Task0.V23.Test.csproj", "{16D9EC80-A073-4459-996C-2499012F3028}"
EndProject
Project("{2150E333-8FDC-42A3-9474-1A3956D46DE8}") = "Task1", "Task1", "{A583E77D-9DE4-4DB0-9094-B43353EE70F1}"
EndProject
Project("{FAE04EC0-301F-11D3-BF4B-00C04F79EFBC}") = "Tyuiu.KozyrevRA.Sprint4.Task1.V14", "Tyuiu.KozyrevRA.Sprint4.Task1.V14\Tyuiu.KozyrevRA.Sprint4.Task1.V14.csproj", "{702FA80D-9658-4374-B2CC-3569E1934AFD}"
EndProject
Project("{FAE04EC0-301F-11D3-BF4B-00C04F79EFBC}") = "Tyuiu.KozyrevRA.Sprint4.Task1.V14.Lib", "Tyuiu.KozyrevRA.Sprint4.Task1.V14.Lib\Tyuiu.KozyrevRA.Sprint4.Task1.V14.Lib.csproj", "{E05F5988-F7D2-426B-B075-51B50F294890}"
EndProject
Project("{FAE04EC0-301F-11D3-BF4B-00C04F79EFBC}") = "Tyuiu.KozyrevRA.Sprint4.Task1.V14.Test", "Tyuiu.KozyrevRA.Sprint4.Task1.V14.Test\Tyuiu.KozyrevRA.Sprint4.Task1.V14.Test.csproj", "{2D21B0B7-208D-4D0C-B7BC-15D8C31D42CA}"
EndProject
Project("{2150E333-8FDC-42A3-9474-1A3956D46DE8}") = "Task2", "Task2", "{7C7F6666-0F2F-413D-89EF-57560BEE0430}"
EndProject
Project("{FAE04EC0-301F-11D3-BF4B-00C04F79EFBC}") = "Tyuiu.KozyrevRA.Sprint4.Task2.V8", "Tyuiu.KozyrevRA.Sprint4.Task2.V8\Tyuiu.KozyrevRA.Sprint4.Task2.V8.csproj", "{B61C2E20-9979-4531-AE15-5C6EE609F152}"
EndProject
Project("{FAE04EC0-301F-11D3-BF4B-00C04F79EFBC}") = "Tyuiu.KozyrevRA.Sprint4.Task2.V8.Test", "Tyuiu.KozyrevRA.Sprint4.Task2.V8.Test\Tyuiu.KozyrevRA.Sprint4.Task2.V8.Test.csproj", "{B0F63C4B-91C8-4B9B-8789-76CBC29B514C}"
EndProject
Project("{FAE04EC0-301F-11D3-BF4B-00C04F79EFBC}") = "Tyuiu.KozyrevRA.Sprint4.Task2.V8.Lib", "Tyuiu.KozyrevRA.Sprint4.Task2.V8.Lib\Tyuiu.KozyrevRA.Sprint4.Task2.V8.Lib.csproj", "{94B54034-EA1B-47D6-9CA0-C567A9068567}"
EndProject
Project("{2150E333-8FDC-42A3-9474-1A3956D46DE8}") = "Task3", "Task3", "{5F314AE3-9533-4DC6-A2BC-E3488F8A4985}"
EndProject
Project("{FAE04EC0-301F-11D3-BF4B-00C04F79EFBC}") = "Tyuiu.KozyrevRA.Sprint4.Task3.V25", "Tyuiu.KozyrevRA.Sprint4.Task3.V25\Tyuiu.KozyrevRA.Sprint4.Task3.V25.csproj", "{C657A9B2-55D1-4180-80DA-10719B791164}"
EndProject
Project("{FAE04EC0-301F-11D3-BF4B-00C04F79EFBC}") = "Tyuiu.KozyrevRA.Sprint4.Task3.V25.Lib", "Tyuiu.KozyrevRA.Sprint4.Task3.V25.Lib\Tyuiu.KozyrevRA.Sprint4.Task3.V25.Lib.csproj", "{BC1C543E-A188-43E7-886C-F708DF8484AE}"
EndProject
Project("{FAE04EC0-301F-11D3-BF4B-00C04F79EFBC}") = "Tyuiu.KozyrevRA.Sprint4.Task3.V25.Test", "Tyuiu.KozyrevRA.Sprint4.Task3.V25.Test\Tyuiu.KozyrevRA.Sprint4.Task3.V25.Test.csproj", "{566FB8E2-2CC3-4136-AA13-74A130EB323F}"
EndProject
Global
	GlobalSection(SolutionConfigurationPlatforms) = preSolution
		Debug|Any CPU = Debug|Any CPU
		Release|Any CPU = Release|Any CPU
	EndGlobalSection
	GlobalSection(ProjectConfigurationPlatforms) = postSolution
		{8C3FBDE5-1500-408E-9C18-F181E93AD69D}.Debug|Any CPU.ActiveCfg = Debug|Any CPU
		{8C3FBDE5-1500-408E-9C18-F181E93AD69D}.Debug|Any CPU.Build.0 = Debug|Any CPU
		{8C3FBDE5-1500-408E-9C18-F181E93AD69D}.Release|Any CPU.ActiveCfg = Release|Any CPU
		{8C3FBDE5-1500-408E-9C18-F181E93AD69D}.Release|Any CPU.Build.0 = Release|Any CPU
		{DA123A07-972E-47F2-A942-CCD0F8D00EB0}.Debug|Any CPU.ActiveCfg = Debug|Any CPU
		{DA123A07-972E-47F2-A942-CCD0F8D00EB0}.Debug|Any CPU.Build.0 = Debug|Any CPU
		{DA123A07-972E-47F2-A942-CCD0F8D00EB0}.Release|Any CPU.ActiveCfg = Release|Any CPU
		{DA123A07-972E-47F2-A942-CCD0F8D00EB0}.Release|Any CPU.Build.0 = Release|Any CPU
		{16D9EC80-A073-4459-996C-2499012F3028}.Debug|Any CPU.ActiveCfg = Debug|Any CPU
		{16D9EC80-A073-4459-996C-2499012F3028}.Debug|Any CPU.Build.0 = Debug|Any CPU
		{16D9EC80-A073-4459-996C-2499012F3028}.Release|Any CPU.ActiveCfg = Release|Any CPU
		{16D9EC80-A073-4459-996C-2499012F3028}.Release|Any CPU.Build.0 = Release|Any CPU
		{702FA80D-9658-4374-B2CC-3569E1934AFD}.Debug|Any CPU.ActiveCfg = Debug|Any CPU
		{702FA80D-9658-4374-B2CC-3569E1934AFD}.Debug|Any CPU.Build.0 = Debug|Any CPU
		{702FA80D-9658-4374-B2CC-3569E1934AFD}.Release|Any CPU.ActiveCfg = Release|Any CPU
		{702FA80D-9658-4374-B2CC-3569E1934AFD}.Release|Any CPU.Build.0 = Release|Any CPU
		{E05F5988-F7D2-426B-B075-51B50F294890}.Debug|Any CPU.ActiveCfg = Debug|Any CPU
		{E05F5988-F7D2-426B-B075-51B50F294890}.Debug|Any CPU.Build.0 = Debug|Any CPU
		{E05F5988-F7D2-426B-B075-51B50F294890}.Release|Any CPU.ActiveCfg = Release|Any CPU
		{E05F5988-F7D2-426B-B075-51B50F294890}.Release|Any CPU.Build.0 = Release|Any CPU
		{2D21B0B7-208D-4D0C-B7BC-15D8C31D42CA}.Debug|Any CPU.ActiveCfg = Debug|Any CPU
		{2D21B0B7-208D-4D0C-B7BC-15D8C31D42CA}.Debug|Any CPU.Build.0 = Debug|Any CPU
		{2D21B0B7-208D-4D0C-B7BC-15D8C31D42CA}.Release|Any CPU.ActiveCfg = Release|Any CPU
		{2D21B0B7-208D-4D0C-B7BC-15D8C31D42CA}.Release|Any CPU.Build.0 = Release|Any CPU
		{B61C2E20-9979-4531-AE15-5C6EE609F152}.Debug|Any CPU.ActiveCfg = Debug|Any CPU
		{B61C2E20-9979-4531-AE15-5C6EE609F152}.Debug|Any CPU.Build.0 = Debug|Any CPU
		{B61C2E20-9979-4531-AE15-5C6EE609F152}.Release|Any CPU.ActiveCfg = Release|Any CPU
		{B61C2E20-9979-4531-AE15-5C6EE609F152}.Release|Any CPU.Build.0 = Release|Any CPU
		{B0F63C4B-91C8-4B9B-8789-76CBC29B514C}.Debug|Any CPU.ActiveCfg = Debug|Any CPU
		{B0F63C4B-91C8-4B9B-8789-76CBC29B514C}.Debug|Any CPU.Build.0 = Debug|Any CPU
		{B0F63C4B-91C8-4B9B-8789-76CBC29B514C}.Release|Any CPU.ActiveCfg = Release|Any CPU
		{B0F63C4B-91C8-4B9B-8789-76CBC29B514C}.Release|Any CPU.Build.0 = Release|Any CPU
		{94B54034-EA1B-47D6-9CA0-C567A9068567}.Debug|Any CPU.ActiveCfg = Debug|Any CPU
		{94B54034-EA1B-47D6-9CA0-C567A9068567}.Debug|Any CPU.Build.0 = Debug|Any CPU
		{94B54034-EA1B-47D6-9CA0-C567A9068567}.Release|Any CPU.ActiveCfg = Release|Any CPU
		{94B54034-EA1B-47D6-9CA0-C567A9068567}.Release|Any CPU.Build.0 = Release|Any CPU
		{C657A9B2-55D1-4180-80DA-10719B791164}.Debug|Any CPU.ActiveCfg = Debug|Any CPU
		{C657A9B2-55D1-4180-80DA-10719B791164}.Debug|Any CPU.Build.0 = Debug|Any CPU
		{C657A9B2-55D1-4180-80DA-10719B791164}.Release|Any CPU.ActiveCfg = Release|Any CPU
		{C657A9B2-55D1-4180-80DA-10719B791164}.Release|Any CPU.Build.0 = Release|Any CPU
		{BC1C543E-A188-43E7-886C-F708DF8484AE}.Debug|Any CPU.ActiveCfg = Debug|Any CPU
		{BC1C543E-A188-43E7-886C-F708DF8484AE}.Debug|Any CPU.Build.0 = Debug|Any CPU
		{BC1C543E-A188-43E7-886C-F708DF8484AE}.Release|Any CPU.ActiveCfg = Release|Any CPU
		{BC1C543E-A188-43E7-886C-F708DF8484AE}.Release|Any CPU.Build.0 = Release|Any CPU
		{566FB8E2-2CC3-4136-AA13-74A130EB323F}.Debug|Any CPU.ActiveCfg = Debug|Any CPU
		{566FB8E2-2CC3-4136-AA13-74A130EB323F}.Debug|Any CPU.Build.0 = Debug|Any CPU
		{566FB8E2-2CC3-4136-AA13-74A130EB323F}.Release|Any CPU.ActiveCfg = Release|Any CPU
		{566FB8E2-2CC3-4136-AA13-74A130EB323F}.Release|Any CPU.Build.0 = Release|Any CPU
	EndGlobalSection
	GlobalSection(SolutionProperties) = preSolution
		HideSolutionNode = FALSE
	EndGlobalSection
	GlobalSection(NestedProjects) = preSolution
		{8C3FBDE5-1500-408E-9C18-F181E93AD69D} = {02EA681E-C7D8-13C7-8484-4AC65E1B71E8}
		{DA123A07-972E-47F2-A942-CCD0F8D00EB0} = {02EA681E-C7D8-13C7-8484-4AC65E1B71E8}
		{16D9EC80-A073-4459-996C-2499012F3028} = {02EA681E-C7D8-13C7-8484-4AC65E1B71E8}
		{702FA80D-9658-4374-B2CC-3569E1934AFD} = {A583E77D-9DE4-4DB0-9094-B43353EE70F1}
		{E05F5988-F7D2-426B-B075-51B50F294890} = {A583E77D-9DE4-4DB0-9094-B43353EE70F1}
		{2D21B0B7-208D-4D0C-B7BC-15D8C31D42CA} = {A583E77D-9DE4-4DB0-9094-B43353EE70F1}
		{B61C2E20-9979-4531-AE15-5C6EE609F152} = {7C7F6666-0F2F-413D-89EF-57560BEE0430}
		{B0F63C4B-91C8-4B9B-8789-76CBC29B514C} = {7C7F6666-0F2F-413D-89EF-57560BEE0430}
		{94B54034-EA1B-47D6-9CA0-C567A9068567} = {7C7F6666-0F2F-413D-89EF-57560BEE0430}
		{C657A9B2-55D1-4180-80DA-10719B791164} = {5F314AE3-9533-4DC6-A2BC-E3488F8A4985}
		{BC1C543E-A188-43E7-886C-F708DF8484AE} = {5F314AE3-9533-4DC6-A2BC-E3488F8A4985}
		{566FB8E2-2CC3-4136-AA13-74A130EB323F} = {5F314AE3-9533-4DC6-A2BC-E3488F8A4985}
	EndGlobalSection
	GlobalSection(ExtensibilityGlobals) = postSolution
		SolutionGuid = {167341FA-1001-4415-8B0D-0DF15107B128}
	EndGlobalSection
EndGlobal
